// !$*UTF8*$!
{
	archiveVersion = 1;
	classes = {
	};
	objectVersion = 77;
	objects = {

/* Begin PBXContainerItemProxy section */
		F03F4C6B2CD754120027CBF1 /* PBXContainerItemProxy */ = {
			isa = PBXContainerItemProxy;
			containerPortal = F03F4C4C2CD754110027CBF1 /* Project object */;
			proxyType = 1;
			remoteGlobalIDString = F03F4C532CD754110027CBF1;
			remoteInfo = WA7_Chatterjee_5185;
		};
		F03F4C752CD754120027CBF1 /* PBXContainerItemProxy */ = {
			isa = PBXContainerItemProxy;
			containerPortal = F03F4C4C2CD754110027CBF1 /* Project object */;
			proxyType = 1;
			remoteGlobalIDString = F03F4C532CD754110027CBF1;
			remoteInfo = WA7_Chatterjee_5185;
		};
/* End PBXContainerItemProxy section */

/* Begin PBXFileReference section */
		F03F4C542CD754110027CBF1 /* WA7_Chatterjee_5185.app */ = {isa = PBXFileReference; explicitFileType = wrapper.application; includeInIndex = 0; path = WA7_Chatterjee_5185.app; sourceTree = BUILT_PRODUCTS_DIR; };
		F03F4C6A2CD754120027CBF1 /* WA7_Chatterjee_5185Tests.xctest */ = {isa = PBXFileReference; explicitFileType = wrapper.cfbundle; includeInIndex = 0; path = WA7_Chatterjee_5185Tests.xctest; sourceTree = BUILT_PRODUCTS_DIR; };
		F03F4C742CD754120027CBF1 /* WA7_Chatterjee_5185UITests.xctest */ = {isa = PBXFileReference; explicitFileType = wrapper.cfbundle; includeInIndex = 0; path = WA7_Chatterjee_5185UITests.xctest; sourceTree = BUILT_PRODUCTS_DIR; };
/* End PBXFileReference section */

/* Begin PBXFileSystemSynchronizedBuildFileExceptionSet section */
		F03F4C7C2CD754120027CBF1 /* Exceptions for "WA7_Chatterjee_5185" folder in "WA7_Chatterjee_5185" target */ = {
			isa = PBXFileSystemSynchronizedBuildFileExceptionSet;
			membershipExceptions = (
				Info.plist,
			);
			target = F03F4C532CD754110027CBF1 /* WA7_Chatterjee_5185 */;
		};
/* End PBXFileSystemSynchronizedBuildFileExceptionSet section */

/* Begin PBXFileSystemSynchronizedRootGroup section */
		F03F4C562CD754110027CBF1 /* WA7_Chatterjee_5185 */ = {
			isa = PBXFileSystemSynchronizedRootGroup;
			exceptions = (
				F03F4C7C2CD754120027CBF1 /* Exceptions for "WA7_Chatterjee_5185" folder in "WA7_Chatterjee_5185" target */,
			);
			path = WA7_Chatterjee_5185;
			sourceTree = "<group>";
		};
		F03F4C6D2CD754120027CBF1 /* WA7_Chatterjee_5185Tests */ = {
			isa = PBXFileSystemSynchronizedRootGroup;
			path = WA7_Chatterjee_5185Tests;
			sourceTree = "<group>";
		};
		F03F4C772CD754120027CBF1 /* WA7_Chatterjee_5185UITests */ = {
			isa = PBXFileSystemSynchronizedRootGroup;
			path = WA7_Chatterjee_5185UITests;
			sourceTree = "<group>";
		};
/* End PBXFileSystemSynchronizedRootGroup section */

/* Begin PBXFrameworksBuildPhase section */
		F03F4C512CD754110027CBF1 /* Frameworks */ = {
			isa = PBXFrameworksBuildPhase;
			buildActionMask = 2147483647;
			files = (
			);
			runOnlyForDeploymentPostprocessing = 0;
		};
		F03F4C672CD754120027CBF1 /* Frameworks */ = {
			isa = PBXFrameworksBuildPhase;
			buildActionMask = 2147483647;
			files = (
			);
			runOnlyForDeploymentPostprocessing = 0;
		};
		F03F4C712CD754120027CBF1 /* Frameworks */ = {
			isa = PBXFrameworksBuildPhase;
			buildActionMask = 2147483647;
			files = (
			);
			runOnlyForDeploymentPostprocessing = 0;
		};
/* End PBXFrameworksBuildPhase section */

/* Begin PBXGroup section */
		F03F4C4B2CD754110027CBF1 = {
			isa = PBXGroup;
			children = (
				F03F4C562CD754110027CBF1 /* WA7_Chatterjee_5185 */,
				F03F4C6D2CD754120027CBF1 /* WA7_Chatterjee_5185Tests */,
				F03F4C772CD754120027CBF1 /* WA7_Chatterjee_5185UITests */,
				F03F4C552CD754110027CBF1 /* Products */,
			);
			sourceTree = "<group>";
		};
		F03F4C552CD754110027CBF1 /* Products */ = {
			isa = PBXGroup;
			children = (
				F03F4C542CD754110027CBF1 /* WA7_Chatterjee_5185.app */,
				F03F4C6A2CD754120027CBF1 /* WA7_Chatterjee_5185Tests.xctest */,
				F03F4C742CD754120027CBF1 /* WA7_Chatterjee_5185UITests.xctest */,
			);
			name = Products;
			sourceTree = "<group>";
		};
/* End PBXGroup section */

/* Begin PBXNativeTarget section */
		F03F4C532CD754110027CBF1 /* WA7_Chatterjee_5185 */ = {
			isa = PBXNativeTarget;
			buildConfigurationList = F03F4C7D2CD754120027CBF1 /* Build configuration list for PBXNativeTarget "WA7_Chatterjee_5185" */;
			buildPhases = (
				F03F4C502CD754110027CBF1 /* Sources */,
				F03F4C512CD754110027CBF1 /* Frameworks */,
				F03F4C522CD754110027CBF1 /* Resources */,
			);
			buildRules = (
			);
			dependencies = (
			);
			fileSystemSynchronizedGroups = (
				F03F4C562CD754110027CBF1 /* WA7_Chatterjee_5185 */,
			);
			name = WA7_Chatterjee_5185;
			packageProductDependencies = (
			);
			productName = WA7_Chatterjee_5185;
			productReference = F03F4C542CD754110027CBF1 /* WA7_Chatterjee_5185.app */;
			productType = "com.apple.product-type.application";
		};
		F03F4C692CD754120027CBF1 /* WA7_Chatterjee_5185Tests */ = {
			isa = PBXNativeTarget;
			buildConfigurationList = F03F4C822CD754120027CBF1 /* Build configuration list for PBXNativeTarget "WA7_Chatterjee_5185Tests" */;
			buildPhases = (
				F03F4C662CD754120027CBF1 /* Sources */,
				F03F4C672CD754120027CBF1 /* Frameworks */,
				F03F4C682CD754120027CBF1 /* Resources */,
			);
			buildRules = (
			);
			dependencies = (
				F03F4C6C2CD754120027CBF1 /* PBXTargetDependency */,
			);
			fileSystemSynchronizedGroups = (
				F03F4C6D2CD754120027CBF1 /* WA7_Chatterjee_5185Tests */,
			);
			name = WA7_Chatterjee_5185Tests;
			packageProductDependencies = (
			);
			productName = WA7_Chatterjee_5185Tests;
			productReference = F03F4C6A2CD754120027CBF1 /* WA7_Chatterjee_5185Tests.xctest */;
			productType = "com.apple.product-type.bundle.unit-test";
		};
		F03F4C732CD754120027CBF1 /* WA7_Chatterjee_5185UITests */ = {
			isa = PBXNativeTarget;
			buildConfigurationList = F03F4C852CD754120027CBF1 /* Build configuration list for PBXNativeTarget "WA7_Chatterjee_5185UITests" */;
			buildPhases = (
				F03F4C702CD754120027CBF1 /* Sources */,
				F03F4C712CD754120027CBF1 /* Frameworks */,
				F03F4C722CD754120027CBF1 /* Resources */,
			);
			buildRules = (
			);
			dependencies = (
				F03F4C762CD754120027CBF1 /* PBXTargetDependency */,
			);
			fileSystemSynchronizedGroups = (
				F03F4C772CD754120027CBF1 /* WA7_Chatterjee_5185UITests */,
			);
			name = WA7_Chatterjee_5185UITests;
			packageProductDependencies = (
			);
			productName = WA7_Chatterjee_5185UITests;
			productReference = F03F4C742CD754120027CBF1 /* WA7_Chatterjee_5185UITests.xctest */;
			productType = "com.apple.product-type.bundle.ui-testing";
		};
/* End PBXNativeTarget section */

/* Begin PBXProject section */
		F03F4C4C2CD754110027CBF1 /* Project object */ = {
			isa = PBXProject;
			attributes = {
				BuildIndependentTargetsInParallel = 1;
				LastSwiftUpdateCheck = 1600;
				LastUpgradeCheck = 1600;
				TargetAttributes = {
					F03F4C532CD754110027CBF1 = {
						CreatedOnToolsVersion = 16.0;
					};
					F03F4C692CD754120027CBF1 = {
						CreatedOnToolsVersion = 16.0;
						TestTargetID = F03F4C532CD754110027CBF1;
					};
					F03F4C732CD754120027CBF1 = {
						CreatedOnToolsVersion = 16.0;
						TestTargetID = F03F4C532CD754110027CBF1;
					};
				};
			};
			buildConfigurationList = F03F4C4F2CD754110027CBF1 /* Build configuration list for PBXProject "WA7_Chatterjee_5185" */;
			developmentRegion = en;
			hasScannedForEncodings = 0;
			knownRegions = (
				en,
				Base,
			);
			mainGroup = F03F4C4B2CD754110027CBF1;
			minimizedProjectReferenceProxies = 1;
			preferredProjectObjectVersion = 77;
			productRefGroup = F03F4C552CD754110027CBF1 /* Products */;
			projectDirPath = "";
			projectRoot = "";
			targets = (
				F03F4C532CD754110027CBF1 /* WA7_Chatterjee_5185 */,
				F03F4C692CD754120027CBF1 /* WA7_Chatterjee_5185Tests */,
				F03F4C732CD754120027CBF1 /* WA7_Chatterjee_5185UITests */,
			);
		};
/* End PBXProject section */

/* Begin PBXResourcesBuildPhase section */
		F03F4C522CD754110027CBF1 /* Resources */ = {
			isa = PBXResourcesBuildPhase;
			buildActionMask = 2147483647;
			files = (
			);
			runOnlyForDeploymentPostprocessing = 0;
		};
		F03F4C682CD754120027CBF1 /* Resources */ = {
			isa = PBXResourcesBuildPhase;
			buildActionMask = 2147483647;
			files = (
			);
			runOnlyForDeploymentPostprocessing = 0;
		};
		F03F4C722CD754120027CBF1 /* Resources */ = {
			isa = PBXResourcesBuildPhase;
			buildActionMask = 2147483647;
			files = (
			);
			runOnlyForDeploymentPostprocessing = 0;
		};
/* End PBXResourcesBuildPhase section */

/* Begin PBXSourcesBuildPhase section */
		F03F4C502CD754110027CBF1 /* Sources */ = {
			isa = PBXSourcesBuildPhase;
			buildActionMask = 2147483647;
			files = (
			);
			runOnlyForDeploymentPostprocessing = 0;
		};
		F03F4C662CD754120027CBF1 /* Sources */ = {
			isa = PBXSourcesBuildPhase;
			buildActionMask = 2147483647;
			files = (
			);
			runOnlyForDeploymentPostprocessing = 0;
		};
		F03F4C702CD754120027CBF1 /* Sources */ = {
			isa = PBXSourcesBuildPhase;
			buildActionMask = 2147483647;
			files = (
			);
			runOnlyForDeploymentPostprocessing = 0;
		};
/* End PBXSourcesBuildPhase section */

/* Begin PBXTargetDependency section */
		F03F4C6C2CD754120027CBF1 /* PBXTargetDependency */ = {
			isa = PBXTargetDependency;
			target = F03F4C532CD754110027CBF1 /* WA7_Chatterjee_5185 */;
			targetProxy = F03F4C6B2CD754120027CBF1 /* PBXContainerItemProxy */;
		};
		F03F4C762CD754120027CBF1 /* PBXTargetDependency */ = {
			isa = PBXTargetDependency;
			target = F03F4C532CD754110027CBF1 /* WA7_Chatterjee_5185 */;
			targetProxy = F03F4C752CD754120027CBF1 /* PBXContainerItemProxy */;
		};
/* End PBXTargetDependency section */

/* Begin XCBuildConfiguration section */
		F03F4C7E2CD754120027CBF1 /* Debug */ = {
			isa = XCBuildConfiguration;
			buildSettings = {
				ASSETCATALOG_COMPILER_APPICON_NAME = AppIcon;
				ASSETCATALOG_COMPILER_GLOBAL_ACCENT_COLOR_NAME = AccentColor;
				CODE_SIGN_STYLE = Automatic;
				CURRENT_PROJECT_VERSION = 1;
				GENERATE_INFOPLIST_FILE = YES;
				INFOPLIST_FILE = WA7_Chatterjee_5185/Info.plist;
				INFOPLIST_KEY_UIApplicationSupportsIndirectInputEvents = YES;
				INFOPLIST_KEY_UILaunchStoryboardName = LaunchScreen;
				INFOPLIST_KEY_UIMainStoryboardFile = Main;
				INFOPLIST_KEY_UISupportedInterfaceOrientations_iPad = "UIInterfaceOrientationPortrait UIInterfaceOrientationPortraitUpsideDown UIInterfaceOrientationLandscapeLeft UIInterfaceOrientationLandscapeRight";
				INFOPLIST_KEY_UISupportedInterfaceOrientations_iPhone = "UIInterfaceOrientationPortrait UIInterfaceOrientationLandscapeLeft UIInterfaceOrientationLandscapeRight";
				LD_RUNPATH_SEARCH_PATHS = (
					"$(inherited)",
					"@executable_path/Frameworks",
				);
				MARKETING_VERSION = 1.0;
				PRODUCT_BUNDLE_IDENTIFIER = "com.nuios.WA7-Chatterjee-5185";
				PRODUCT_NAME = "$(TARGET_NAME)";
				SWIFT_EMIT_LOC_STRINGS = YES;
				SWIFT_VERSION = 5.0;
				TARGETED_DEVICE_FAMILY = "1,2";
			};
			name = Debug;
		};
		F03F4C7F2CD754120027CBF1 /* Release */ = {
			isa = XCBuildConfiguration;
			buildSettings = {
				ASSETCATALOG_COMPILER_APPICON_NAME = AppIcon;
				ASSETCATALOG_COMPILER_GLOBAL_ACCENT_COLOR_NAME = AccentColor;
				CODE_SIGN_STYLE = Automatic;
				CURRENT_PROJECT_VERSION = 1;
				GENERATE_INFOPLIST_FILE = YES;
				INFOPLIST_FILE = WA7_Chatterjee_5185/Info.plist;
				INFOPLIST_KEY_UIApplicationSupportsIndirectInputEvents = YES;
				INFOPLIST_KEY_UILaunchStoryboardName = LaunchScreen;
				INFOPLIST_KEY_UIMainStoryboardFile = Main;
				INFOPLIST_KEY_UISupportedInterfaceOrientations_iPad = "UIInterfaceOrientationPortrait UIInterfaceOrientationPortraitUpsideDown UIInterfaceOrientationLandscapeLeft UIInterfaceOrientationLandscapeRight";
				INFOPLIST_KEY_UISupportedInterfaceOrientations_iPhone = "UIInterfaceOrientationPortrait UIInterfaceOrientationLandscapeLeft UIInterfaceOrientationLandscapeRight";
				LD_RUNPATH_SEARCH_PATHS = (
					"$(inherited)",
					"@executable_path/Frameworks",
				);
				MARKETING_VERSION = 1.0;
				PRODUCT_BUNDLE_IDENTIFIER = "com.nuios.WA7-Chatterjee-5185";
				PRODUCT_NAME = "$(TARGET_NAME)";
				SWIFT_EMIT_LOC_STRINGS = YES;
				SWIFT_VERSION = 5.0;
				TARGETED_DEVICE_FAMILY = "1,2";
			};
			name = Release;
		};
		F03F4C802CD754120027CBF1 /* Debug */ = {
			isa = XCBuildConfiguration;
			buildSettings = {
				ALWAYS_SEARCH_USER_PATHS = NO;
				ASSETCATALOG_COMPILER_GENERATE_SWIFT_ASSET_SYMBOL_EXTENSIONS = YES;
				CLANG_ANALYZER_NONNULL = YES;
				CLANG_ANALYZER_NUMBER_OBJECT_CONVERSION = YES_AGGRESSIVE;
				CLANG_CXX_LANGUAGE_STANDARD = "gnu++20";
				CLANG_ENABLE_MODULES = YES;
				CLANG_ENABLE_OBJC_ARC = YES;
				CLANG_ENABLE_OBJC_WEAK = YES;
				CLANG_WARN_BLOCK_CAPTURE_AUTORELEASING = YES;
				CLANG_WARN_BOOL_CONVERSION = YES;
				CLANG_WARN_COMMA = YES;
				CLANG_WARN_CONSTANT_CONVERSION = YES;
				CLANG_WARN_DEPRECATED_OBJC_IMPLEMENTATIONS = YES;
				CLANG_WARN_DIRECT_OBJC_ISA_USAGE = YES_ERROR;
				CLANG_WARN_DOCUMENTATION_COMMENTS = YES;
				CLANG_WARN_EMPTY_BODY = YES;
				CLANG_WARN_ENUM_CONVERSION = YES;
				CLANG_WARN_INFINITE_RECURSION = YES;
				CLANG_WARN_INT_CONVERSION = YES;
				CLANG_WARN_NON_LITERAL_NULL_CONVERSION = YES;
				CLANG_WARN_OBJC_IMPLICIT_RETAIN_SELF = YES;
				CLANG_WARN_OBJC_LITERAL_CONVERSION = YES;
				CLANG_WARN_OBJC_ROOT_CLASS = YES_ERROR;
				CLANG_WARN_QUOTED_INCLUDE_IN_FRAMEWORK_HEADER = YES;
				CLANG_WARN_RANGE_LOOP_ANALYSIS = YES;
				CLANG_WARN_STRICT_PROTOTYPES = YES;
				CLANG_WARN_SUSPICIOUS_MOVE = YES;
				CLANG_WARN_UNGUARDED_AVAILABILITY = YES_AGGRESSIVE;
				CLANG_WARN_UNREACHABLE_CODE = YES;
				CLANG_WARN__DUPLICATE_METHOD_MATCH = YES;
				COPY_PHASE_STRIP = NO;
				DEBUG_INFORMATION_FORMAT = dwarf;
				ENABLE_STRICT_OBJC_MSGSEND = YES;
				ENABLE_TESTABILITY = YES;
				ENABLE_USER_SCRIPT_SANDBOXING = YES;
				GCC_C_LANGUAGE_STANDARD = gnu17;
				GCC_DYNAMIC_NO_PIC = NO;
				GCC_NO_COMMON_BLOCKS = YES;
				GCC_OPTIMIZATION_LEVEL = 0;
				GCC_PREPROCESSOR_DEFINITIONS = (
					"DEBUG=1",
					"$(inherited)",
				);
				GCC_WARN_64_TO_32_BIT_CONVERSION = YES;
				GCC_WARN_ABOUT_RETURN_TYPE = YES_ERROR;
				GCC_WARN_UNDECLARED_SELECTOR = YES;
				GCC_WARN_UNINITIALIZED_AUTOS = YES_AGGRESSIVE;
				GCC_WARN_UNUSED_FUNCTION = YES;
				GCC_WARN_UNUSED_VARIABLE = YES;
				IPHONEOS_DEPLOYMENT_TARGET = 18.0;
				LOCALIZATION_PREFERS_STRING_CATALOGS = YES;
				MTL_ENABLE_DEBUG_INFO = INCLUDE_SOURCE;
				MTL_FAST_MATH = YES;
				ONLY_ACTIVE_ARCH = YES;
				SDKROOT = iphoneos;
				SWIFT_ACTIVE_COMPILATION_CONDITIONS = "DEBUG $(inherited)";
				SWIFT_OPTIMIZATION_LEVEL = "-Onone";
			};
			name = Debug;
		};
		F03F4C812CD754120027CBF1 /* Release */ = {
			isa = XCBuildConfiguration;
			buildSettings = {
				ALWAYS_SEARCH_USER_PATHS = NO;
				ASSETCATALOG_COMPILER_GENERATE_SWIFT_ASSET_SYMBOL_EXTENSIONS = YES;
				CLANG_ANALYZER_NONNULL = YES;
				CLANG_ANALYZER_NUMBER_OBJECT_CONVERSION = YES_AGGRESSIVE;
				CLANG_CXX_LANGUAGE_STANDARD = "gnu++20";
				CLANG_ENABLE_MODULES = YES;
				CLANG_ENABLE_OBJC_ARC = YES;
				CLANG_ENABLE_OBJC_WEAK = YES;
				CLANG_WARN_BLOCK_CAPTURE_AUTORELEASING = YES;
				CLANG_WARN_BOOL_CONVERSION = YES;
				CLANG_WARN_COMMA = YES;
				CLANG_WARN_CONSTANT_CONVERSION = YES;
				CLANG_WARN_DEPRECATED_OBJC_IMPLEMENTATIONS = YES;
				CLANG_WARN_DIRECT_OBJC_ISA_USAGE = YES_ERROR;
				CLANG_WARN_DOCUMENTATION_COMMENTS = YES;
				CLANG_WARN_EMPTY_BODY = YES;
				CLANG_WARN_ENUM_CONVERSION = YES;
				CLANG_WARN_INFINITE_RECURSION = YES;
				CLANG_WARN_INT_CONVERSION = YES;
				CLANG_WARN_NON_LITERAL_NULL_CONVERSION = YES;
				CLANG_WARN_OBJC_IMPLICIT_RETAIN_SELF = YES;
				CLANG_WARN_OBJC_LITERAL_CONVERSION = YES;
				CLANG_WARN_OBJC_ROOT_CLASS = YES_ERROR;
				CLANG_WARN_QUOTED_INCLUDE_IN_FRAMEWORK_HEADER = YES;
				CLANG_WARN_RANGE_LOOP_ANALYSIS = YES;
				CLANG_WARN_STRICT_PROTOTYPES = YES;
				CLANG_WARN_SUSPICIOUS_MOVE = YES;
				CLANG_WARN_UNGUARDED_AVAILABILITY = YES_AGGRESSIVE;
				CLANG_WARN_UNREACHABLE_CODE = YES;
				CLANG_WARN__DUPLICATE_METHOD_MATCH = YES;
				COPY_PHASE_STRIP = NO;
				DEBUG_INFORMATION_FORMAT = "dwarf-with-dsym";
				ENABLE_NS_ASSERTIONS = NO;
				ENABLE_STRICT_OBJC_MSGSEND = YES;
				ENABLE_USER_SCRIPT_SANDBOXING = YES;
				GCC_C_LANGUAGE_STANDARD = gnu17;
				GCC_NO_COMMON_BLOCKS = YES;
				GCC_WARN_64_TO_32_BIT_CONVERSION = YES;
				GCC_WARN_ABOUT_RETURN_TYPE = YES_ERROR;
				GCC_WARN_UNDECLARED_SELECTOR = YES;
				GCC_WARN_UNINITIALIZED_AUTOS = YES_AGGRESSIVE;
				GCC_WARN_UNUSED_FUNCTION = YES;
				GCC_WARN_UNUSED_VARIABLE = YES;
				IPHONEOS_DEPLOYMENT_TARGET = 18.0;
				LOCALIZATION_PREFERS_STRING_CATALOGS = YES;
				MTL_ENABLE_DEBUG_INFO = NO;
				MTL_FAST_MATH = YES;
				SDKROOT = iphoneos;
				SWIFT_COMPILATION_MODE = wholemodule;
				VALIDATE_PRODUCT = YES;
			};
			name = Release;
		};
		F03F4C832CD754120027CBF1 /* Debug */ = {
			isa = XCBuildConfiguration;
			buildSettings = {
				BUNDLE_LOADER = "$(TEST_HOST)";
				CODE_SIGN_STYLE = Automatic;
				CURRENT_PROJECT_VERSION = 1;
				GENERATE_INFOPLIST_FILE = YES;
				IPHONEOS_DEPLOYMENT_TARGET = 18.0;
				MARKETING_VERSION = 1.0;
				PRODUCT_BUNDLE_IDENTIFIER = "com.nuios.WA7-Chatterjee-5185Tests";
				PRODUCT_NAME = "$(TARGET_NAME)";
				SWIFT_EMIT_LOC_STRINGS = NO;
				SWIFT_VERSION = 5.0;
				TARGETED_DEVICE_FAMILY = "1,2";
				TEST_HOST = "$(BUILT_PRODUCTS_DIR)/WA7_Chatterjee_5185.app/$(BUNDLE_EXECUTABLE_FOLDER_PATH)/WA7_Chatterjee_5185";
			};
			name = Debug;
		};
		F03F4C842CD754120027CBF1 /* Release */ = {
			isa = XCBuildConfiguration;
			buildSettings = {
				BUNDLE_LOADER = "$(TEST_HOST)";
				CODE_SIGN_STYLE = Automatic;
				CURRENT_PROJECT_VERSION = 1;
				GENERATE_INFOPLIST_FILE = YES;
				IPHONEOS_DEPLOYMENT_TARGET = 18.0;
				MARKETING_VERSION = 1.0;
				PRODUCT_BUNDLE_IDENTIFIER = "com.nuios.WA7-Chatterjee-5185Tests";
				PRODUCT_NAME = "$(TARGET_NAME)";
				SWIFT_EMIT_LOC_STRINGS = NO;
				SWIFT_VERSION = 5.0;
				TARGETED_DEVICE_FAMILY = "1,2";
				TEST_HOST = "$(BUILT_PRODUCTS_DIR)/WA7_Chatterjee_5185.app/$(BUNDLE_EXECUTABLE_FOLDER_PATH)/WA7_Chatterjee_5185";
			};
			name = Release;
		};
		F03F4C862CD754120027CBF1 /* Debug */ = {
			isa = XCBuildConfiguration;
			buildSettings = {
				CODE_SIGN_STYLE = Automatic;
				CURRENT_PROJECT_VERSION = 1;
				GENERATE_INFOPLIST_FILE = YES;
				MARKETING_VERSION = 1.0;
				PRODUCT_BUNDLE_IDENTIFIER = "com.nuios.WA7-Chatterjee-5185UITests";
				PRODUCT_NAME = "$(TARGET_NAME)";
				SWIFT_EMIT_LOC_STRINGS = NO;
				SWIFT_VERSION = 5.0;
				TARGETED_DEVICE_FAMILY = "1,2";
				TEST_TARGET_NAME = WA7_Chatterjee_5185;
			};
			name = Debug;
		};
		F03F4C872CD754120027CBF1 /* Release */ = {
			isa = XCBuildConfiguration;
			buildSettings = {
				CODE_SIGN_STYLE = Automatic;
				CURRENT_PROJECT_VERSION = 1;
				GENERATE_INFOPLIST_FILE = YES;
				MARKETING_VERSION = 1.0;
				PRODUCT_BUNDLE_IDENTIFIER = "com.nuios.WA7-Chatterjee-5185UITests";
				PRODUCT_NAME = "$(TARGET_NAME)";
				SWIFT_EMIT_LOC_STRINGS = NO;
				SWIFT_VERSION = 5.0;
				TARGETED_DEVICE_FAMILY = "1,2";
				TEST_TARGET_NAME = WA7_Chatterjee_5185;
			};
			name = Release;
		};
/* End XCBuildConfiguration section */

/* Begin XCConfigurationList section */
		F03F4C4F2CD754110027CBF1 /* Build configuration list for PBXProject "WA7_Chatterjee_5185" */ = {
			isa = XCConfigurationList;
			buildConfigurations = (
				F03F4C802CD754120027CBF1 /* Debug */,
				F03F4C812CD754120027CBF1 /* Release */,
			);
			defaultConfigurationIsVisible = 0;
			defaultConfigurationName = Release;
		};
		F03F4C7D2CD754120027CBF1 /* Build configuration list for PBXNativeTarget "WA7_Chatterjee_5185" */ = {
			isa = XCConfigurationList;
			buildConfigurations = (
				F03F4C7E2CD754120027CBF1 /* Debug */,
				F03F4C7F2CD754120027CBF1 /* Release */,
			);
			defaultConfigurationIsVisible = 0;
			defaultConfigurationName = Release;
		};
		F03F4C822CD754120027CBF1 /* Build configuration list for PBXNativeTarget "WA7_Chatterjee_5185Tests" */ = {
			isa = XCConfigurationList;
			buildConfigurations = (
				F03F4C832CD754120027CBF1 /* Debug */,
				F03F4C842CD754120027CBF1 /* Release */,
			);
			defaultConfigurationIsVisible = 0;
			defaultConfigurationName = Release;
		};
		F03F4C852CD754120027CBF1 /* Build configuration list for PBXNativeTarget "WA7_Chatterjee_5185UITests" */ = {
			isa = XCConfigurationList;
			buildConfigurations = (
				F03F4C862CD754120027CBF1 /* Debug */,
				F03F4C872CD754120027CBF1 /* Release */,
			);
			defaultConfigurationIsVisible = 0;
			defaultConfigurationName = Release;
		};
/* End XCConfigurationList section */
	};
	rootObject = F03F4C4C2CD754110027CBF1 /* Project object */;
}
